
Microsoft Visual Studio Solution File, Format Version 12.00
# Visual Studio Version 16
VisualStudioVersion = 16.0.30804.86
MinimumVisualStudioVersion = 10.0.40219.1
Project("{8BC9CEB8-8B4A-11D0-8D11-00A0C91BC942}") = "12.6", "12.6\12.6.vcxproj", "{64C4DEC2-CBE0-4D3F-AE00-FE0F2F7D5866}"
EndProject
Project("{8BC9CEB8-8B4A-11D0-8D11-00A0C91BC942}") = "UnitTest1", "UnitTest1\UnitTest1.vcxproj", "{CEECBB99-4870-45C1-BD82-0B7D6894B488}"
EndProject
Global
	GlobalSection(SolutionConfigurationPlatforms) = preSolution
		Debug|x64 = Debug|x64
		Debug|x86 = Debug|x86
		Release|x64 = Release|x64
		Release|x86 = Release|x86
	EndGlobalSection
	GlobalSection(ProjectConfigurationPlatforms) = postSolution
		{64C4DEC2-CBE0-4D3F-AE00-FE0F2F7D5866}.Debug|x64.ActiveCfg = Debug|x64
		{64C4DEC2-CBE0-4D3F-AE00-FE0F2F7D5866}.Debug|x64.Build.0 = Debug|x64
		{64C4DEC2-CBE0-4D3F-AE00-FE0F2F7D5866}.Debug|x86.ActiveCfg = Debug|Win32
		{64C4DEC2-CBE0-4D3F-AE00-FE0F2F7D5866}.Debug|x86.Build.0 = Debug|Win32
		{64C4DEC2-CBE0-4D3F-AE00-FE0F2F7D5866}.Release|x64.ActiveCfg = Release|x64
		{64C4DEC2-CBE0-4D3F-AE00-FE0F2F7D5866}.Release|x64.Build.0 = Release|x64
		{64C4DEC2-CBE0-4D3F-AE00-FE0F2F7D5866}.Release|x86.ActiveCfg = Release|Win32
		{64C4DEC2-CBE0-4D3F-AE00-FE0F2F7D5866}.Release|x86.Build.0 = Release|Win32
		{CEECBB99-4870-45C1-BD82-0B7D6894B488}.Debug|x64.ActiveCfg = Debug|x64
		{CEECBB99-4870-45C1-BD82-0B7D6894B488}.Debug|x64.Build.0 = Debug|x64
		{CEECBB99-4870-45C1-BD82-0B7D6894B488}.Debug|x86.ActiveCfg = Debug|Win32
		{CEECBB99-4870-45C1-BD82-0B7D6894B488}.Debug|x86.Build.0 = Debug|Win32
		{CEECBB99-4870-45C1-BD82-0B7D6894B488}.Release|x64.ActiveCfg = Release|x64
		{CEECBB99-4870-45C1-BD82-0B7D6894B488}.Release|x64.Build.0 = Release|x64
		{CEECBB99-4870-45C1-BD82-0B7D6894B488}.Release|x86.ActiveCfg = Release|Win32
		{CEECBB99-4870-45C1-BD82-0B7D6894B488}.Release|x86.Build.0 = Release|Win32
	EndGlobalSection
	GlobalSection(SolutionProperties) = preSolution
		HideSolutionNode = FALSE
	EndGlobalSection
	GlobalSection(ExtensibilityGlobals) = postSolution
		SolutionGuid = {CEF57EB9-61AC-4E66-905D-D6F3F977A4FE}
	EndGlobalSection
EndGlobal
