
Microsoft Visual Studio Solution File, Format Version 12.00
# Visual Studio Version 16
VisualStudioVersion = 16.0.30804.86
MinimumVisualStudioVersion = 10.0.40219.1
Project("{8BC9CEB8-8B4A-11D0-8D11-00A0C91BC942}") = "12.4", "12.4\12.4.vcxproj", "{DCDFEC04-C02A-4D86-BE0C-27FAE1489292}"
EndProject
Project("{8BC9CEB8-8B4A-11D0-8D11-00A0C91BC942}") = "UnitTest1", "UnitTest1\UnitTest1.vcxproj", "{FD1635F0-64F4-4B90-8FC4-0C60F15DCFD1}"
EndProject
Global
	GlobalSection(SolutionConfigurationPlatforms) = preSolution
		Debug|x64 = Debug|x64
		Debug|x86 = Debug|x86
		Release|x64 = Release|x64
		Release|x86 = Release|x86
	EndGlobalSection
	GlobalSection(ProjectConfigurationPlatforms) = postSolution
		{DCDFEC04-C02A-4D86-BE0C-27FAE1489292}.Debug|x64.ActiveCfg = Debug|x64
		{DCDFEC04-C02A-4D86-BE0C-27FAE1489292}.Debug|x64.Build.0 = Debug|x64
		{DCDFEC04-C02A-4D86-BE0C-27FAE1489292}.Debug|x86.ActiveCfg = Debug|Win32
		{DCDFEC04-C02A-4D86-BE0C-27FAE1489292}.Debug|x86.Build.0 = Debug|Win32
		{DCDFEC04-C02A-4D86-BE0C-27FAE1489292}.Release|x64.ActiveCfg = Release|x64
		{DCDFEC04-C02A-4D86-BE0C-27FAE1489292}.Release|x64.Build.0 = Release|x64
		{DCDFEC04-C02A-4D86-BE0C-27FAE1489292}.Release|x86.ActiveCfg = Release|Win32
		{DCDFEC04-C02A-4D86-BE0C-27FAE1489292}.Release|x86.Build.0 = Release|Win32
		{FD1635F0-64F4-4B90-8FC4-0C60F15DCFD1}.Debug|x64.ActiveCfg = Debug|x64
		{FD1635F0-64F4-4B90-8FC4-0C60F15DCFD1}.Debug|x64.Build.0 = Debug|x64
		{FD1635F0-64F4-4B90-8FC4-0C60F15DCFD1}.Debug|x86.ActiveCfg = Debug|Win32
		{FD1635F0-64F4-4B90-8FC4-0C60F15DCFD1}.Debug|x86.Build.0 = Debug|Win32
		{FD1635F0-64F4-4B90-8FC4-0C60F15DCFD1}.Release|x64.ActiveCfg = Release|x64
		{FD1635F0-64F4-4B90-8FC4-0C60F15DCFD1}.Release|x64.Build.0 = Release|x64
		{FD1635F0-64F4-4B90-8FC4-0C60F15DCFD1}.Release|x86.ActiveCfg = Release|Win32
		{FD1635F0-64F4-4B90-8FC4-0C60F15DCFD1}.Release|x86.Build.0 = Release|Win32
	EndGlobalSection
	GlobalSection(SolutionProperties) = preSolution
		HideSolutionNode = FALSE
	EndGlobalSection
	GlobalSection(ExtensibilityGlobals) = postSolution
		SolutionGuid = {A6D17DCA-681E-4D01-B67C-EDAA5FD0F907}
	EndGlobalSection
EndGlobal
